
Microsoft Visual Studio Solution File, Format Version 12.00
# Visual Studio Version 17
VisualStudioVersion = 17.6.33815.320
MinimumVisualStudioVersion = 10.0.40219.1
Project("{9A19103F-16F7-4668-BE54-9A1E7A4F7556}") = "Prueba 1", "Prueba 1.csproj", "{5A951D10-F88F-4D6A-9486-1621E90C11FD}"
EndProject
Global
	GlobalSection(SolutionConfigurationPlatforms) = preSolution
		Debug|Any CPU = Debug|Any CPU
		Release|Any CPU = Release|Any CPU
	EndGlobalSection
	GlobalSection(ProjectConfigurationPlatforms) = postSolution
		{5A951D10-F88F-4D6A-9486-1621E90C11FD}.Debug|Any CPU.ActiveCfg = Debug|Any CPU
		{5A951D10-F88F-4D6A-9486-1621E90C11FD}.Debug|Any CPU.Build.0 = Debug|Any CPU
		{5A951D10-F88F-4D6A-9486-1621E90C11FD}.Release|Any CPU.ActiveCfg = Release|Any CPU
		{5A951D10-F88F-4D6A-9486-1621E90C11FD}.Release|Any CPU.Build.0 = Release|Any CPU
	EndGlobalSection
	GlobalSection(SolutionProperties) = preSolution
		HideSolutionNode = FALSE
	EndGlobalSection
	GlobalSection(ExtensibilityGlobals) = postSolution
		SolutionGuid = {FFE58A66-9E51-44D5-991C-D7BB82DF83C6}
	EndGlobalSection
EndGlobal
